
Microsoft Visual Studio Solution File, Format Version 12.00
# Visual Studio 15
VisualStudioVersion = 15.0.27130.2024
MinimumVisualStudioVersion = 10.0.40219.1
Project("{8BC9CEB8-8B4A-11D0-8D11-00A0C91BC942}") = "BAPSPresenterLegacy", "BAPSPresenter\BAPSPresenter.vcxproj", "{46FD9397-DD3B-456A-9D95-504D60F6A9B5}"
EndProject
Project("{8BC9CEB8-8B4A-11D0-8D11-00A0C91BC942}") = "BAPSServerAssembly", "BAPSServerAssembly\BAPSServerAssembly.vcxproj", "{B93BB821-0BB3-466C-9D53-7FECF8722F1D}"
	ProjectSection(ProjectDependencies) = postProject
		{2EAB373E-2054-4AB5-A2F9-34139FB08AE4} = {2EAB373E-2054-4AB5-A2F9-34139FB08AE4}
	EndProjectSection
EndProject
Project("{FAE04EC0-301F-11D3-BF4B-00C04F79EFBC}") = "BAPSServerService", "BAPSServerService\BAPSServerService.csproj", "{A19900A2-8C8B-416A-8642-7F20CB9CA145}"
EndProject
Project("{54435603-DBB4-11D2-8724-00A0C9A8B90C}") = "BAPSSetup", "BAPSSetup\BAPSSetup.vdproj", "{9A851E69-B851-432F-B2E8-2C3A03E54D29}"
EndProject
Project("{FAE04EC0-301F-11D3-BF4B-00C04F79EFBC}") = "BAPSFormControls", "BAPSFormControls\BAPSFormControls.csproj", "{4C3D1722-7B93-4081-8D61-572F8F088CED}"
EndProject
Project("{8BC9CEB8-8B4A-11D0-8D11-00A0C91BC942}") = "BAPSControllerAssembly", "BAPSController\BAPSController.vcxproj", "{E1CEEE2E-DF20-4929-80BD-D73E896C5245}"
EndProject
Project("{8BC9CEB8-8B4A-11D0-8D11-00A0C91BC942}") = "BAPS", "BAPSlib\BAPS.vcxproj", "{2EAB373E-2054-4AB5-A2F9-34139FB08AE4}"
EndProject
Project("{8BC9CEB8-8B4A-11D0-8D11-00A0C91BC942}") = "BAPSTest", "BAPSlib\BAPSTest\BAPSTest.vcxproj", "{87038750-A2E1-4F9D-8EA3-19BC6E2B371B}"
EndProject
Project("{FAE04EC0-301F-11D3-BF4B-00C04F79EFBC}") = "BAPSPresenter", "BAPSPresenter2\BAPSPresenter.csproj", "{83040E76-0FDA-4664-8673-C9FD40A5770A}"
	ProjectSection(ProjectDependencies) = postProject
		{46FD9397-DD3B-456A-9D95-504D60F6A9B5} = {46FD9397-DD3B-456A-9D95-504D60F6A9B5}
	EndProjectSection
EndProject
Project("{9A19103F-16F7-4668-BE54-9A1E7A4F7556}") = "URY.BAPS.Client.Common", "URY.BAPS.Client.Common\URY.BAPS.Client.Common.csproj", "{701B4F5C-600A-4EB2-82AE-BA11EA8160A7}"
EndProject
Project("{FAE04EC0-301F-11D3-BF4B-00C04F79EFBC}") = "URY.BAPS.Client.Wpf", "URY.BAPS.Client.Wpf\URY.BAPS.Client.Wpf.csproj", "{65A7B0DA-F2BB-49B3-AB0B-B4BA30885EFA}"
EndProject
Project("{9A19103F-16F7-4668-BE54-9A1E7A4F7556}") = "URY.BAPS.Client.Common.Tests", "URY.BAPS.Client.Common.Tests\URY.BAPS.Client.Common.Tests.csproj", "{86EFEC49-A8A7-4BAF-8BCC-C6E78A3A2772}"
	ProjectSection(ProjectDependencies) = postProject
		{701B4F5C-600A-4EB2-82AE-BA11EA8160A7} = {701B4F5C-600A-4EB2-82AE-BA11EA8160A7}
	EndProjectSection
EndProject
Project("{FAE04EC0-301F-11D3-BF4B-00C04F79EFBC}") = "URY.BAPS.Client.Windows", "URY.BAPS.Client.Windows\URY.BAPS.Client.Windows.csproj", "{F429EF69-9102-42DC-AD98-9234B0DCCC35}"
EndProject
Project("{FAE04EC0-301F-11D3-BF4B-00C04F79EFBC}") = "URY.BAPS.Client.Wpf.Tests", "URY.BAPS.Client.Wpf.Tests\URY.BAPS.Client.Wpf.Tests.csproj", "{40695646-B1A7-4FC8-97D0-EEC3186783E1}"
EndProject
Global
	GlobalSection(SolutionConfigurationPlatforms) = preSolution
		Debug|Any CPU = Debug|Any CPU
		Debug|x64 = Debug|x64
		Debug|x86 = Debug|x86
		Release|Any CPU = Release|Any CPU
		Release|x64 = Release|x64
		Release|x86 = Release|x86
	EndGlobalSection
	GlobalSection(ProjectConfigurationPlatforms) = postSolution
		{46FD9397-DD3B-456A-9D95-504D60F6A9B5}.Debug|Any CPU.ActiveCfg = Debug|Win32
		{46FD9397-DD3B-456A-9D95-504D60F6A9B5}.Debug|x64.ActiveCfg = Debug|x64
		{46FD9397-DD3B-456A-9D95-504D60F6A9B5}.Debug|x64.Build.0 = Debug|x64
		{46FD9397-DD3B-456A-9D95-504D60F6A9B5}.Debug|x86.ActiveCfg = Debug|Win32
		{46FD9397-DD3B-456A-9D95-504D60F6A9B5}.Debug|x86.Build.0 = Debug|Win32
		{46FD9397-DD3B-456A-9D95-504D60F6A9B5}.Release|Any CPU.ActiveCfg = Release|Win32
		{46FD9397-DD3B-456A-9D95-504D60F6A9B5}.Release|x64.ActiveCfg = Release|x64
		{46FD9397-DD3B-456A-9D95-504D60F6A9B5}.Release|x64.Build.0 = Release|x64
		{46FD9397-DD3B-456A-9D95-504D60F6A9B5}.Release|x86.ActiveCfg = Release|Win32
		{46FD9397-DD3B-456A-9D95-504D60F6A9B5}.Release|x86.Build.0 = Release|Win32
		{B93BB821-0BB3-466C-9D53-7FECF8722F1D}.Debug|Any CPU.ActiveCfg = Debug|Win32
		{B93BB821-0BB3-466C-9D53-7FECF8722F1D}.Debug|x64.ActiveCfg = Debug|x64
		{B93BB821-0BB3-466C-9D53-7FECF8722F1D}.Debug|x64.Build.0 = Debug|x64
		{B93BB821-0BB3-466C-9D53-7FECF8722F1D}.Debug|x86.ActiveCfg = Debug|Win32
		{B93BB821-0BB3-466C-9D53-7FECF8722F1D}.Debug|x86.Build.0 = Debug|Win32
		{B93BB821-0BB3-466C-9D53-7FECF8722F1D}.Release|Any CPU.ActiveCfg = Release|Win32
		{B93BB821-0BB3-466C-9D53-7FECF8722F1D}.Release|x64.ActiveCfg = Release|x64
		{B93BB821-0BB3-466C-9D53-7FECF8722F1D}.Release|x64.Build.0 = Release|x64
		{B93BB821-0BB3-466C-9D53-7FECF8722F1D}.Release|x86.ActiveCfg = Release|Win32
		{B93BB821-0BB3-466C-9D53-7FECF8722F1D}.Release|x86.Build.0 = Release|Win32
		{A19900A2-8C8B-416A-8642-7F20CB9CA145}.Debug|Any CPU.ActiveCfg = Debug|Any CPU
		{A19900A2-8C8B-416A-8642-7F20CB9CA145}.Debug|Any CPU.Build.0 = Debug|Any CPU
		{A19900A2-8C8B-416A-8642-7F20CB9CA145}.Debug|x64.ActiveCfg = Debug|x64
		{A19900A2-8C8B-416A-8642-7F20CB9CA145}.Debug|x64.Build.0 = Debug|x64
		{A19900A2-8C8B-416A-8642-7F20CB9CA145}.Debug|x86.ActiveCfg = Debug|x86
		{A19900A2-8C8B-416A-8642-7F20CB9CA145}.Debug|x86.Build.0 = Debug|x86
		{A19900A2-8C8B-416A-8642-7F20CB9CA145}.Release|Any CPU.ActiveCfg = Release|Any CPU
		{A19900A2-8C8B-416A-8642-7F20CB9CA145}.Release|Any CPU.Build.0 = Release|Any CPU
		{A19900A2-8C8B-416A-8642-7F20CB9CA145}.Release|x64.ActiveCfg = Release|x64
		{A19900A2-8C8B-416A-8642-7F20CB9CA145}.Release|x64.Build.0 = Release|x64
		{A19900A2-8C8B-416A-8642-7F20CB9CA145}.Release|x86.ActiveCfg = Release|x86
		{A19900A2-8C8B-416A-8642-7F20CB9CA145}.Release|x86.Build.0 = Release|x86
		{9A851E69-B851-432F-B2E8-2C3A03E54D29}.Debug|Any CPU.ActiveCfg = Debug
		{9A851E69-B851-432F-B2E8-2C3A03E54D29}.Debug|Any CPU.Build.0 = Debug
		{9A851E69-B851-432F-B2E8-2C3A03E54D29}.Debug|x64.ActiveCfg = Debug
		{9A851E69-B851-432F-B2E8-2C3A03E54D29}.Debug|x64.Build.0 = Debug
		{9A851E69-B851-432F-B2E8-2C3A03E54D29}.Debug|x86.ActiveCfg = Debug
		{9A851E69-B851-432F-B2E8-2C3A03E54D29}.Release|Any CPU.ActiveCfg = Release
		{9A851E69-B851-432F-B2E8-2C3A03E54D29}.Release|Any CPU.Build.0 = Release
		{9A851E69-B851-432F-B2E8-2C3A03E54D29}.Release|x64.ActiveCfg = Release
		{9A851E69-B851-432F-B2E8-2C3A03E54D29}.Release|x86.ActiveCfg = Release
		{4C3D1722-7B93-4081-8D61-572F8F088CED}.Debug|Any CPU.ActiveCfg = Debug|Any CPU
		{4C3D1722-7B93-4081-8D61-572F8F088CED}.Debug|Any CPU.Build.0 = Debug|Any CPU
		{4C3D1722-7B93-4081-8D61-572F8F088CED}.Debug|x64.ActiveCfg = Debug|x64
		{4C3D1722-7B93-4081-8D61-572F8F088CED}.Debug|x64.Build.0 = Debug|x64
		{4C3D1722-7B93-4081-8D61-572F8F088CED}.Debug|x86.ActiveCfg = Debug|x86
		{4C3D1722-7B93-4081-8D61-572F8F088CED}.Debug|x86.Build.0 = Debug|x86
		{4C3D1722-7B93-4081-8D61-572F8F088CED}.Release|Any CPU.ActiveCfg = Release|Any CPU
		{4C3D1722-7B93-4081-8D61-572F8F088CED}.Release|Any CPU.Build.0 = Release|Any CPU
		{4C3D1722-7B93-4081-8D61-572F8F088CED}.Release|x64.ActiveCfg = Release|x64
		{4C3D1722-7B93-4081-8D61-572F8F088CED}.Release|x64.Build.0 = Release|x64
		{4C3D1722-7B93-4081-8D61-572F8F088CED}.Release|x86.ActiveCfg = Release|x86
		{4C3D1722-7B93-4081-8D61-572F8F088CED}.Release|x86.Build.0 = Release|x86
		{E1CEEE2E-DF20-4929-80BD-D73E896C5245}.Debug|Any CPU.ActiveCfg = Debug|Win32
		{E1CEEE2E-DF20-4929-80BD-D73E896C5245}.Debug|x64.ActiveCfg = Debug|x64
		{E1CEEE2E-DF20-4929-80BD-D73E896C5245}.Debug|x64.Build.0 = Debug|x64
		{E1CEEE2E-DF20-4929-80BD-D73E896C5245}.Debug|x86.ActiveCfg = Debug|Win32
		{E1CEEE2E-DF20-4929-80BD-D73E896C5245}.Debug|x86.Build.0 = Debug|Win32
		{E1CEEE2E-DF20-4929-80BD-D73E896C5245}.Release|Any CPU.ActiveCfg = Release|Win32
		{E1CEEE2E-DF20-4929-80BD-D73E896C5245}.Release|x64.ActiveCfg = Release|x64
		{E1CEEE2E-DF20-4929-80BD-D73E896C5245}.Release|x64.Build.0 = Release|x64
		{E1CEEE2E-DF20-4929-80BD-D73E896C5245}.Release|x86.ActiveCfg = Release|Win32
		{E1CEEE2E-DF20-4929-80BD-D73E896C5245}.Release|x86.Build.0 = Release|Win32
		{2EAB373E-2054-4AB5-A2F9-34139FB08AE4}.Debug|Any CPU.ActiveCfg = Debug|Win32
		{2EAB373E-2054-4AB5-A2F9-34139FB08AE4}.Debug|x64.ActiveCfg = Debug|x64
		{2EAB373E-2054-4AB5-A2F9-34139FB08AE4}.Debug|x64.Build.0 = Debug|x64
		{2EAB373E-2054-4AB5-A2F9-34139FB08AE4}.Debug|x86.ActiveCfg = Debug|Win32
		{2EAB373E-2054-4AB5-A2F9-34139FB08AE4}.Debug|x86.Build.0 = Debug|Win32
		{2EAB373E-2054-4AB5-A2F9-34139FB08AE4}.Release|Any CPU.ActiveCfg = Release|Win32
		{2EAB373E-2054-4AB5-A2F9-34139FB08AE4}.Release|x64.ActiveCfg = Release|x64
		{2EAB373E-2054-4AB5-A2F9-34139FB08AE4}.Release|x64.Build.0 = Release|x64
		{2EAB373E-2054-4AB5-A2F9-34139FB08AE4}.Release|x86.ActiveCfg = Release|Win32
		{2EAB373E-2054-4AB5-A2F9-34139FB08AE4}.Release|x86.Build.0 = Release|Win32
		{87038750-A2E1-4F9D-8EA3-19BC6E2B371B}.Debug|Any CPU.ActiveCfg = Debug|Win32
		{87038750-A2E1-4F9D-8EA3-19BC6E2B371B}.Debug|x64.ActiveCfg = Debug|x64
		{87038750-A2E1-4F9D-8EA3-19BC6E2B371B}.Debug|x86.ActiveCfg = Debug|Win32
		{87038750-A2E1-4F9D-8EA3-19BC6E2B371B}.Release|Any CPU.ActiveCfg = Release|Win32
		{87038750-A2E1-4F9D-8EA3-19BC6E2B371B}.Release|x64.ActiveCfg = Release|x64
		{87038750-A2E1-4F9D-8EA3-19BC6E2B371B}.Release|x86.ActiveCfg = Release|Win32
		{83040E76-0FDA-4664-8673-C9FD40A5770A}.Debug|Any CPU.ActiveCfg = Debug|Any CPU
		{83040E76-0FDA-4664-8673-C9FD40A5770A}.Debug|Any CPU.Build.0 = Debug|Any CPU
		{83040E76-0FDA-4664-8673-C9FD40A5770A}.Debug|x64.ActiveCfg = Debug|Any CPU
		{83040E76-0FDA-4664-8673-C9FD40A5770A}.Debug|x64.Build.0 = Debug|Any CPU
		{83040E76-0FDA-4664-8673-C9FD40A5770A}.Debug|x86.ActiveCfg = Debug|Any CPU
		{83040E76-0FDA-4664-8673-C9FD40A5770A}.Debug|x86.Build.0 = Debug|Any CPU
		{83040E76-0FDA-4664-8673-C9FD40A5770A}.Release|Any CPU.ActiveCfg = Release|Any CPU
		{83040E76-0FDA-4664-8673-C9FD40A5770A}.Release|Any CPU.Build.0 = Release|Any CPU
		{83040E76-0FDA-4664-8673-C9FD40A5770A}.Release|x64.ActiveCfg = Release|Any CPU
		{83040E76-0FDA-4664-8673-C9FD40A5770A}.Release|x64.Build.0 = Release|Any CPU
		{83040E76-0FDA-4664-8673-C9FD40A5770A}.Release|x86.ActiveCfg = Release|Any CPU
		{83040E76-0FDA-4664-8673-C9FD40A5770A}.Release|x86.Build.0 = Release|Any CPU
		{701B4F5C-600A-4EB2-82AE-BA11EA8160A7}.Debug|Any CPU.ActiveCfg = Debug|Any CPU
		{701B4F5C-600A-4EB2-82AE-BA11EA8160A7}.Debug|Any CPU.Build.0 = Debug|Any CPU
		{701B4F5C-600A-4EB2-82AE-BA11EA8160A7}.Debug|x64.ActiveCfg = Debug|Any CPU
		{701B4F5C-600A-4EB2-82AE-BA11EA8160A7}.Debug|x64.Build.0 = Debug|Any CPU
		{701B4F5C-600A-4EB2-82AE-BA11EA8160A7}.Debug|x86.ActiveCfg = Debug|Any CPU
		{701B4F5C-600A-4EB2-82AE-BA11EA8160A7}.Debug|x86.Build.0 = Debug|Any CPU
		{701B4F5C-600A-4EB2-82AE-BA11EA8160A7}.Release|Any CPU.ActiveCfg = Release|Any CPU
		{701B4F5C-600A-4EB2-82AE-BA11EA8160A7}.Release|Any CPU.Build.0 = Release|Any CPU
		{701B4F5C-600A-4EB2-82AE-BA11EA8160A7}.Release|x64.ActiveCfg = Release|Any CPU
		{701B4F5C-600A-4EB2-82AE-BA11EA8160A7}.Release|x64.Build.0 = Release|Any CPU
		{701B4F5C-600A-4EB2-82AE-BA11EA8160A7}.Release|x86.ActiveCfg = Release|Any CPU
		{701B4F5C-600A-4EB2-82AE-BA11EA8160A7}.Release|x86.Build.0 = Release|Any CPU
		{65A7B0DA-F2BB-49B3-AB0B-B4BA30885EFA}.Debug|Any CPU.ActiveCfg = Debug|Any CPU
		{65A7B0DA-F2BB-49B3-AB0B-B4BA30885EFA}.Debug|Any CPU.Build.0 = Debug|Any CPU
		{65A7B0DA-F2BB-49B3-AB0B-B4BA30885EFA}.Debug|x64.ActiveCfg = Debug|Any CPU
		{65A7B0DA-F2BB-49B3-AB0B-B4BA30885EFA}.Debug|x64.Build.0 = Debug|Any CPU
		{65A7B0DA-F2BB-49B3-AB0B-B4BA30885EFA}.Debug|x86.ActiveCfg = Debug|Any CPU
		{65A7B0DA-F2BB-49B3-AB0B-B4BA30885EFA}.Debug|x86.Build.0 = Debug|Any CPU
		{65A7B0DA-F2BB-49B3-AB0B-B4BA30885EFA}.Release|Any CPU.ActiveCfg = Release|Any CPU
		{65A7B0DA-F2BB-49B3-AB0B-B4BA30885EFA}.Release|Any CPU.Build.0 = Release|Any CPU
		{65A7B0DA-F2BB-49B3-AB0B-B4BA30885EFA}.Release|x64.ActiveCfg = Release|Any CPU
		{65A7B0DA-F2BB-49B3-AB0B-B4BA30885EFA}.Release|x64.Build.0 = Release|Any CPU
		{65A7B0DA-F2BB-49B3-AB0B-B4BA30885EFA}.Release|x86.ActiveCfg = Release|Any CPU
		{65A7B0DA-F2BB-49B3-AB0B-B4BA30885EFA}.Release|x86.Build.0 = Release|Any CPU
		{86EFEC49-A8A7-4BAF-8BCC-C6E78A3A2772}.Debug|Any CPU.ActiveCfg = Debug|Any CPU
		{86EFEC49-A8A7-4BAF-8BCC-C6E78A3A2772}.Debug|Any CPU.Build.0 = Debug|Any CPU
		{86EFEC49-A8A7-4BAF-8BCC-C6E78A3A2772}.Debug|x64.ActiveCfg = Debug|Any CPU
		{86EFEC49-A8A7-4BAF-8BCC-C6E78A3A2772}.Debug|x64.Build.0 = Debug|Any CPU
		{86EFEC49-A8A7-4BAF-8BCC-C6E78A3A2772}.Debug|x86.ActiveCfg = Debug|Any CPU
		{86EFEC49-A8A7-4BAF-8BCC-C6E78A3A2772}.Debug|x86.Build.0 = Debug|Any CPU
		{86EFEC49-A8A7-4BAF-8BCC-C6E78A3A2772}.Release|Any CPU.ActiveCfg = Release|Any CPU
		{86EFEC49-A8A7-4BAF-8BCC-C6E78A3A2772}.Release|Any CPU.Build.0 = Release|Any CPU
		{86EFEC49-A8A7-4BAF-8BCC-C6E78A3A2772}.Release|x64.ActiveCfg = Release|Any CPU
		{86EFEC49-A8A7-4BAF-8BCC-C6E78A3A2772}.Release|x64.Build.0 = Release|Any CPU
		{86EFEC49-A8A7-4BAF-8BCC-C6E78A3A2772}.Release|x86.ActiveCfg = Release|Any CPU
		{86EFEC49-A8A7-4BAF-8BCC-C6E78A3A2772}.Release|x86.Build.0 = Release|Any CPU
		{F429EF69-9102-42DC-AD98-9234B0DCCC35}.Debug|Any CPU.ActiveCfg = Debug|Any CPU
		{F429EF69-9102-42DC-AD98-9234B0DCCC35}.Debug|Any CPU.Build.0 = Debug|Any CPU
		{F429EF69-9102-42DC-AD98-9234B0DCCC35}.Debug|x64.ActiveCfg = Debug|Any CPU
		{F429EF69-9102-42DC-AD98-9234B0DCCC35}.Debug|x64.Build.0 = Debug|Any CPU
		{F429EF69-9102-42DC-AD98-9234B0DCCC35}.Debug|x86.ActiveCfg = Debug|Any CPU
		{F429EF69-9102-42DC-AD98-9234B0DCCC35}.Debug|x86.Build.0 = Debug|Any CPU
		{F429EF69-9102-42DC-AD98-9234B0DCCC35}.Release|Any CPU.ActiveCfg = Release|Any CPU
		{F429EF69-9102-42DC-AD98-9234B0DCCC35}.Release|Any CPU.Build.0 = Release|Any CPU
		{F429EF69-9102-42DC-AD98-9234B0DCCC35}.Release|x64.ActiveCfg = Release|Any CPU
		{F429EF69-9102-42DC-AD98-9234B0DCCC35}.Release|x64.Build.0 = Release|Any CPU
		{F429EF69-9102-42DC-AD98-9234B0DCCC35}.Release|x86.ActiveCfg = Release|Any CPU
		{F429EF69-9102-42DC-AD98-9234B0DCCC35}.Release|x86.Build.0 = Release|Any CPU
		{40695646-B1A7-4FC8-97D0-EEC3186783E1}.Debug|Any CPU.ActiveCfg = Debug|Any CPU
		{40695646-B1A7-4FC8-97D0-EEC3186783E1}.Debug|Any CPU.Build.0 = Debug|Any CPU
		{40695646-B1A7-4FC8-97D0-EEC3186783E1}.Debug|x64.ActiveCfg = Debug|Any CPU
		{40695646-B1A7-4FC8-97D0-EEC3186783E1}.Debug|x64.Build.0 = Debug|Any CPU
		{40695646-B1A7-4FC8-97D0-EEC3186783E1}.Debug|x86.ActiveCfg = Debug|Any CPU
		{40695646-B1A7-4FC8-97D0-EEC3186783E1}.Debug|x86.Build.0 = Debug|Any CPU
		{40695646-B1A7-4FC8-97D0-EEC3186783E1}.Release|Any CPU.ActiveCfg = Release|Any CPU
		{40695646-B1A7-4FC8-97D0-EEC3186783E1}.Release|Any CPU.Build.0 = Release|Any CPU
		{40695646-B1A7-4FC8-97D0-EEC3186783E1}.Release|x64.ActiveCfg = Release|Any CPU
		{40695646-B1A7-4FC8-97D0-EEC3186783E1}.Release|x64.Build.0 = Release|Any CPU
		{40695646-B1A7-4FC8-97D0-EEC3186783E1}.Release|x86.ActiveCfg = Release|Any CPU
		{40695646-B1A7-4FC8-97D0-EEC3186783E1}.Release|x86.Build.0 = Release|Any CPU
	EndGlobalSection
	GlobalSection(SolutionProperties) = preSolution
		HideSolutionNode = FALSE
	EndGlobalSection
	GlobalSection(ExtensibilityGlobals) = postSolution
		SolutionGuid = {27528D5D-0BA2-4E60-8FEC-B9203687D6C0}
	EndGlobalSection
EndGlobal
