
Microsoft Visual Studio Solution File, Format Version 12.00
# Visual Studio Version 16
VisualStudioVersion = 16.0.28705.295
MinimumVisualStudioVersion = 10.0.40219.1
Project("{8BC9CEB8-8B4A-11D0-8D11-00A0C91BC942}") = "BAPSPresenterLegacy", "BAPSPresenter\BAPSPresenter.vcxproj", "{46FD9397-DD3B-456A-9D95-504D60F6A9B5}"
EndProject
Project("{8BC9CEB8-8B4A-11D0-8D11-00A0C91BC942}") = "BAPSServerAssembly", "BAPSServerAssembly\BAPSServerAssembly.vcxproj", "{B93BB821-0BB3-466C-9D53-7FECF8722F1D}"
	ProjectSection(ProjectDependencies) = postProject
		{2EAB373E-2054-4AB5-A2F9-34139FB08AE4} = {2EAB373E-2054-4AB5-A2F9-34139FB08AE4}
	EndProjectSection
EndProject
Project("{FAE04EC0-301F-11D3-BF4B-00C04F79EFBC}") = "BAPSServerService", "BAPSServerService\BAPSServerService.csproj", "{A19900A2-8C8B-416A-8642-7F20CB9CA145}"
EndProject
Project("{54435603-DBB4-11D2-8724-00A0C9A8B90C}") = "BAPSSetup", "BAPSSetup\BAPSSetup.vdproj", "{9A851E69-B851-432F-B2E8-2C3A03E54D29}"
EndProject
Project("{8BC9CEB8-8B4A-11D0-8D11-00A0C91BC942}") = "BAPSControllerAssembly", "BAPSController\BAPSController.vcxproj", "{E1CEEE2E-DF20-4929-80BD-D73E896C5245}"
EndProject
Project("{8BC9CEB8-8B4A-11D0-8D11-00A0C91BC942}") = "BAPS", "BAPSlib\BAPS.vcxproj", "{2EAB373E-2054-4AB5-A2F9-34139FB08AE4}"
EndProject
Project("{8BC9CEB8-8B4A-11D0-8D11-00A0C91BC942}") = "BAPSTest", "BAPSlib\BAPSTest\BAPSTest.vcxproj", "{87038750-A2E1-4F9D-8EA3-19BC6E2B371B}"
EndProject
Project("{9A19103F-16F7-4668-BE54-9A1E7A4F7556}") = "URY.BAPS.Client.Common", "URY.BAPS.Client.Common\URY.BAPS.Client.Common.csproj", "{701B4F5C-600A-4EB2-82AE-BA11EA8160A7}"
EndProject
Project("{9A19103F-16F7-4668-BE54-9A1E7A4F7556}") = "URY.BAPS.Client.Wpf", "URY.BAPS.Client.Wpf\URY.BAPS.Client.Wpf.csproj", "{65A7B0DA-F2BB-49B3-AB0B-B4BA30885EFA}"
	ProjectSection(ProjectDependencies) = postProject
		{259B5300-2910-4B28-972A-4B125C7BF378} = {259B5300-2910-4B28-972A-4B125C7BF378}
	EndProjectSection
EndProject
Project("{9A19103F-16F7-4668-BE54-9A1E7A4F7556}") = "URY.BAPS.Client.Common.Tests", "URY.BAPS.Client.Common.Tests\URY.BAPS.Client.Common.Tests.csproj", "{86EFEC49-A8A7-4BAF-8BCC-C6E78A3A2772}"
	ProjectSection(ProjectDependencies) = postProject
		{701B4F5C-600A-4EB2-82AE-BA11EA8160A7} = {701B4F5C-600A-4EB2-82AE-BA11EA8160A7}
	EndProjectSection
EndProject
Project("{9A19103F-16F7-4668-BE54-9A1E7A4F7556}") = "URY.BAPS.Client.Wpf.Tests", "URY.BAPS.Client.Wpf.Tests\URY.BAPS.Client.Wpf.Tests.csproj", "{40695646-B1A7-4FC8-97D0-EEC3186783E1}"
EndProject
Project("{9A19103F-16F7-4668-BE54-9A1E7A4F7556}") = "URY.BAPS.Common.Protocol.V2", "URY.BAPS.Common.Protocol.V2\URY.BAPS.Common.Protocol.V2.csproj", "{EFE2EC1A-9ED3-4308-9A52-29F53105B8A1}"
EndProject
Project("{9A19103F-16F7-4668-BE54-9A1E7A4F7556}") = "URY.BAPS.Common.Protocol.V2.Tests", "URY.BAPS.Common.Protocol.V2.Tests\URY.BAPS.Common.Protocol.V2.Tests.csproj", "{0FCA1AFE-A0CE-4540-8DEC-13619851E5C0}"
EndProject
Project("{9A19103F-16F7-4668-BE54-9A1E7A4F7556}") = "URY.BAPS.Server", "URY.BAPS.Server.Reference\URY.BAPS.Server.csproj", "{25319DE5-28B9-4AD6-AA78-83DDCB6726E5}"
EndProject
Project("{9A19103F-16F7-4668-BE54-9A1E7A4F7556}") = "URY.BAPS.Common.Model", "URY.BAPS.Common.Model\URY.BAPS.Common.Model.csproj", "{54422125-F37E-48A9-BE57-476395893A05}"
EndProject
Project("{2150E333-8FDC-42A3-9474-1A3956D46DE8}") = "Client", "Client", "{AA50B9BA-D8B6-47C4-9321-77432249A8E0}"
EndProject
Project("{2150E333-8FDC-42A3-9474-1A3956D46DE8}") = "Legacy", "Legacy", "{DBE28595-6FAF-4533-9EA7-6738EF62FAE8}"
EndProject
Project("{2150E333-8FDC-42A3-9474-1A3956D46DE8}") = "Server", "Server", "{800924D2-1906-4524-B772-FD60709EDCE7}"
EndProject
Project("{2150E333-8FDC-42A3-9474-1A3956D46DE8}") = "Common", "Common", "{6F934F38-6525-49F1-990C-BF0A5AD199DF}"
EndProject
Project("{9A19103F-16F7-4668-BE54-9A1E7A4F7556}") = "URY.BAPS.Common.Model.Tests", "Common\URY.BAPS.Common.Model.Tests\URY.BAPS.Common.Model.Tests.csproj", "{25FD1550-9930-4CE6-8BEA-EA20E25D63B0}"
EndProject
Project("{9A19103F-16F7-4668-BE54-9A1E7A4F7556}") = "URY.BAPS.Client.Protocol.V2", "URY.BAPS.Client.Protocol.V2\URY.BAPS.Client.Protocol.V2.csproj", "{292372A1-4C8D-4472-BC72-2E91F3B71848}"
EndProject
Project("{9A19103F-16F7-4668-BE54-9A1E7A4F7556}") = "URY.BAPS.Server.Tests", "URY.BAPS.Server.Reference.Tests\URY.BAPS.Server.Tests.csproj", "{5675A5E8-847F-480B-9F14-C129F59B98DA}"
EndProject
Project("{9A19103F-16F7-4668-BE54-9A1E7A4F7556}") = "URY.BAPS.Client.Console", "URY.BAPS.Client.Console\URY.BAPS.Client.Console.csproj", "{B8C7E784-2486-4BB1-A4D3-6B9C8DACA18B}"
EndProject
Project("{9A19103F-16F7-4668-BE54-9A1E7A4F7556}") = "URY.BAPS.Client.Autofac", "URY.BAPS.Client.Autofac\URY.BAPS.Client.Autofac.csproj", "{259B5300-2910-4B28-972A-4B125C7BF378}"
EndProject
Project("{FAE04EC0-301F-11D3-BF4B-00C04F79EFBC}") = "URY.BAPS.Client.ViewModel", "URY.BAPS.Client.ViewModels\URY.BAPS.Client.ViewModel.csproj", "{6A933A6E-2ED6-487A-9938-685A5E20B094}"
EndProject
Global
	GlobalSection(SolutionConfigurationPlatforms) = preSolution
		Debug|Any CPU = Debug|Any CPU
		Debug|x64 = Debug|x64
		Debug|x86 = Debug|x86
		Release|Any CPU = Release|Any CPU
		Release|x64 = Release|x64
		Release|x86 = Release|x86
	EndGlobalSection
	GlobalSection(ProjectConfigurationPlatforms) = postSolution
		{46FD9397-DD3B-456A-9D95-504D60F6A9B5}.Debug|Any CPU.ActiveCfg = Debug|Win32
		{46FD9397-DD3B-456A-9D95-504D60F6A9B5}.Debug|x64.ActiveCfg = Debug|x64
		{46FD9397-DD3B-456A-9D95-504D60F6A9B5}.Debug|x64.Build.0 = Debug|x64
		{46FD9397-DD3B-456A-9D95-504D60F6A9B5}.Debug|x86.ActiveCfg = Debug|Win32
		{46FD9397-DD3B-456A-9D95-504D60F6A9B5}.Debug|x86.Build.0 = Debug|Win32
		{46FD9397-DD3B-456A-9D95-504D60F6A9B5}.Release|Any CPU.ActiveCfg = Release|Win32
		{46FD9397-DD3B-456A-9D95-504D60F6A9B5}.Release|x64.ActiveCfg = Release|x64
		{46FD9397-DD3B-456A-9D95-504D60F6A9B5}.Release|x64.Build.0 = Release|x64
		{46FD9397-DD3B-456A-9D95-504D60F6A9B5}.Release|x86.ActiveCfg = Release|Win32
		{46FD9397-DD3B-456A-9D95-504D60F6A9B5}.Release|x86.Build.0 = Release|Win32
		{B93BB821-0BB3-466C-9D53-7FECF8722F1D}.Debug|Any CPU.ActiveCfg = Debug|Win32
		{B93BB821-0BB3-466C-9D53-7FECF8722F1D}.Debug|x64.ActiveCfg = Debug|x64
		{B93BB821-0BB3-466C-9D53-7FECF8722F1D}.Debug|x64.Build.0 = Debug|x64
		{B93BB821-0BB3-466C-9D53-7FECF8722F1D}.Debug|x86.ActiveCfg = Debug|Win32
		{B93BB821-0BB3-466C-9D53-7FECF8722F1D}.Debug|x86.Build.0 = Debug|Win32
		{B93BB821-0BB3-466C-9D53-7FECF8722F1D}.Release|Any CPU.ActiveCfg = Release|Win32
		{B93BB821-0BB3-466C-9D53-7FECF8722F1D}.Release|x64.ActiveCfg = Release|x64
		{B93BB821-0BB3-466C-9D53-7FECF8722F1D}.Release|x64.Build.0 = Release|x64
		{B93BB821-0BB3-466C-9D53-7FECF8722F1D}.Release|x86.ActiveCfg = Release|Win32
		{B93BB821-0BB3-466C-9D53-7FECF8722F1D}.Release|x86.Build.0 = Release|Win32
		{A19900A2-8C8B-416A-8642-7F20CB9CA145}.Debug|Any CPU.ActiveCfg = Debug|Any CPU
		{A19900A2-8C8B-416A-8642-7F20CB9CA145}.Debug|Any CPU.Build.0 = Debug|Any CPU
		{A19900A2-8C8B-416A-8642-7F20CB9CA145}.Debug|x64.ActiveCfg = Debug|Any CPU
		{A19900A2-8C8B-416A-8642-7F20CB9CA145}.Debug|x64.Build.0 = Debug|Any CPU
		{A19900A2-8C8B-416A-8642-7F20CB9CA145}.Debug|x86.ActiveCfg = Debug|Any CPU
		{A19900A2-8C8B-416A-8642-7F20CB9CA145}.Debug|x86.Build.0 = Debug|Any CPU
		{A19900A2-8C8B-416A-8642-7F20CB9CA145}.Release|Any CPU.ActiveCfg = Release|Any CPU
		{A19900A2-8C8B-416A-8642-7F20CB9CA145}.Release|Any CPU.Build.0 = Release|Any CPU
		{A19900A2-8C8B-416A-8642-7F20CB9CA145}.Release|x64.ActiveCfg = Release|Any CPU
		{A19900A2-8C8B-416A-8642-7F20CB9CA145}.Release|x64.Build.0 = Release|Any CPU
		{A19900A2-8C8B-416A-8642-7F20CB9CA145}.Release|x86.ActiveCfg = Release|Any CPU
		{A19900A2-8C8B-416A-8642-7F20CB9CA145}.Release|x86.Build.0 = Release|Any CPU
		{9A851E69-B851-432F-B2E8-2C3A03E54D29}.Debug|Any CPU.ActiveCfg = Debug
		{9A851E69-B851-432F-B2E8-2C3A03E54D29}.Debug|Any CPU.Build.0 = Debug
		{9A851E69-B851-432F-B2E8-2C3A03E54D29}.Debug|x64.ActiveCfg = Debug
		{9A851E69-B851-432F-B2E8-2C3A03E54D29}.Debug|x64.Build.0 = Debug
		{9A851E69-B851-432F-B2E8-2C3A03E54D29}.Debug|x86.ActiveCfg = Debug
		{9A851E69-B851-432F-B2E8-2C3A03E54D29}.Release|Any CPU.ActiveCfg = Release
		{9A851E69-B851-432F-B2E8-2C3A03E54D29}.Release|Any CPU.Build.0 = Release
		{9A851E69-B851-432F-B2E8-2C3A03E54D29}.Release|x64.ActiveCfg = Release
		{9A851E69-B851-432F-B2E8-2C3A03E54D29}.Release|x86.ActiveCfg = Release
		{E1CEEE2E-DF20-4929-80BD-D73E896C5245}.Debug|Any CPU.ActiveCfg = Debug|Win32
		{E1CEEE2E-DF20-4929-80BD-D73E896C5245}.Debug|x64.ActiveCfg = Debug|x64
		{E1CEEE2E-DF20-4929-80BD-D73E896C5245}.Debug|x64.Build.0 = Debug|x64
		{E1CEEE2E-DF20-4929-80BD-D73E896C5245}.Debug|x86.ActiveCfg = Debug|Win32
		{E1CEEE2E-DF20-4929-80BD-D73E896C5245}.Debug|x86.Build.0 = Debug|Win32
		{E1CEEE2E-DF20-4929-80BD-D73E896C5245}.Release|Any CPU.ActiveCfg = Release|Win32
		{E1CEEE2E-DF20-4929-80BD-D73E896C5245}.Release|x64.ActiveCfg = Release|x64
		{E1CEEE2E-DF20-4929-80BD-D73E896C5245}.Release|x64.Build.0 = Release|x64
		{E1CEEE2E-DF20-4929-80BD-D73E896C5245}.Release|x86.ActiveCfg = Release|Win32
		{E1CEEE2E-DF20-4929-80BD-D73E896C5245}.Release|x86.Build.0 = Release|Win32
		{2EAB373E-2054-4AB5-A2F9-34139FB08AE4}.Debug|Any CPU.ActiveCfg = Debug|Win32
		{2EAB373E-2054-4AB5-A2F9-34139FB08AE4}.Debug|x64.ActiveCfg = Debug|x64
		{2EAB373E-2054-4AB5-A2F9-34139FB08AE4}.Debug|x64.Build.0 = Debug|x64
		{2EAB373E-2054-4AB5-A2F9-34139FB08AE4}.Debug|x86.ActiveCfg = Debug|Win32
		{2EAB373E-2054-4AB5-A2F9-34139FB08AE4}.Debug|x86.Build.0 = Debug|Win32
		{2EAB373E-2054-4AB5-A2F9-34139FB08AE4}.Release|Any CPU.ActiveCfg = Release|Win32
		{2EAB373E-2054-4AB5-A2F9-34139FB08AE4}.Release|x64.ActiveCfg = Release|x64
		{2EAB373E-2054-4AB5-A2F9-34139FB08AE4}.Release|x64.Build.0 = Release|x64
		{2EAB373E-2054-4AB5-A2F9-34139FB08AE4}.Release|x86.ActiveCfg = Release|Win32
		{2EAB373E-2054-4AB5-A2F9-34139FB08AE4}.Release|x86.Build.0 = Release|Win32
		{87038750-A2E1-4F9D-8EA3-19BC6E2B371B}.Debug|Any CPU.ActiveCfg = Debug|Win32
		{87038750-A2E1-4F9D-8EA3-19BC6E2B371B}.Debug|x64.ActiveCfg = Debug|x64
		{87038750-A2E1-4F9D-8EA3-19BC6E2B371B}.Debug|x86.ActiveCfg = Debug|Win32
		{87038750-A2E1-4F9D-8EA3-19BC6E2B371B}.Release|Any CPU.ActiveCfg = Release|Win32
		{87038750-A2E1-4F9D-8EA3-19BC6E2B371B}.Release|x64.ActiveCfg = Release|x64
		{87038750-A2E1-4F9D-8EA3-19BC6E2B371B}.Release|x86.ActiveCfg = Release|Win32
		{701B4F5C-600A-4EB2-82AE-BA11EA8160A7}.Debug|Any CPU.ActiveCfg = Debug|Any CPU
		{701B4F5C-600A-4EB2-82AE-BA11EA8160A7}.Debug|Any CPU.Build.0 = Debug|Any CPU
		{701B4F5C-600A-4EB2-82AE-BA11EA8160A7}.Debug|x64.ActiveCfg = Debug|Any CPU
		{701B4F5C-600A-4EB2-82AE-BA11EA8160A7}.Debug|x64.Build.0 = Debug|Any CPU
		{701B4F5C-600A-4EB2-82AE-BA11EA8160A7}.Debug|x86.ActiveCfg = Debug|Any CPU
		{701B4F5C-600A-4EB2-82AE-BA11EA8160A7}.Debug|x86.Build.0 = Debug|Any CPU
		{701B4F5C-600A-4EB2-82AE-BA11EA8160A7}.Release|Any CPU.ActiveCfg = Release|Any CPU
		{701B4F5C-600A-4EB2-82AE-BA11EA8160A7}.Release|Any CPU.Build.0 = Release|Any CPU
		{701B4F5C-600A-4EB2-82AE-BA11EA8160A7}.Release|x64.ActiveCfg = Release|Any CPU
		{701B4F5C-600A-4EB2-82AE-BA11EA8160A7}.Release|x64.Build.0 = Release|Any CPU
		{701B4F5C-600A-4EB2-82AE-BA11EA8160A7}.Release|x86.ActiveCfg = Release|Any CPU
		{701B4F5C-600A-4EB2-82AE-BA11EA8160A7}.Release|x86.Build.0 = Release|Any CPU
		{65A7B0DA-F2BB-49B3-AB0B-B4BA30885EFA}.Debug|Any CPU.ActiveCfg = Debug|Any CPU
		{65A7B0DA-F2BB-49B3-AB0B-B4BA30885EFA}.Debug|Any CPU.Build.0 = Debug|Any CPU
		{65A7B0DA-F2BB-49B3-AB0B-B4BA30885EFA}.Debug|x64.ActiveCfg = Debug|Any CPU
		{65A7B0DA-F2BB-49B3-AB0B-B4BA30885EFA}.Debug|x64.Build.0 = Debug|Any CPU
		{65A7B0DA-F2BB-49B3-AB0B-B4BA30885EFA}.Debug|x86.ActiveCfg = Debug|Any CPU
		{65A7B0DA-F2BB-49B3-AB0B-B4BA30885EFA}.Debug|x86.Build.0 = Debug|Any CPU
		{65A7B0DA-F2BB-49B3-AB0B-B4BA30885EFA}.Release|Any CPU.ActiveCfg = Release|Any CPU
		{65A7B0DA-F2BB-49B3-AB0B-B4BA30885EFA}.Release|Any CPU.Build.0 = Release|Any CPU
		{65A7B0DA-F2BB-49B3-AB0B-B4BA30885EFA}.Release|x64.ActiveCfg = Release|Any CPU
		{65A7B0DA-F2BB-49B3-AB0B-B4BA30885EFA}.Release|x64.Build.0 = Release|Any CPU
		{65A7B0DA-F2BB-49B3-AB0B-B4BA30885EFA}.Release|x86.ActiveCfg = Release|Any CPU
		{65A7B0DA-F2BB-49B3-AB0B-B4BA30885EFA}.Release|x86.Build.0 = Release|Any CPU
		{86EFEC49-A8A7-4BAF-8BCC-C6E78A3A2772}.Debug|Any CPU.ActiveCfg = Debug|Any CPU
		{86EFEC49-A8A7-4BAF-8BCC-C6E78A3A2772}.Debug|Any CPU.Build.0 = Debug|Any CPU
		{86EFEC49-A8A7-4BAF-8BCC-C6E78A3A2772}.Debug|x64.ActiveCfg = Debug|Any CPU
		{86EFEC49-A8A7-4BAF-8BCC-C6E78A3A2772}.Debug|x64.Build.0 = Debug|Any CPU
		{86EFEC49-A8A7-4BAF-8BCC-C6E78A3A2772}.Debug|x86.ActiveCfg = Debug|Any CPU
		{86EFEC49-A8A7-4BAF-8BCC-C6E78A3A2772}.Debug|x86.Build.0 = Debug|Any CPU
		{86EFEC49-A8A7-4BAF-8BCC-C6E78A3A2772}.Release|Any CPU.ActiveCfg = Release|Any CPU
		{86EFEC49-A8A7-4BAF-8BCC-C6E78A3A2772}.Release|Any CPU.Build.0 = Release|Any CPU
		{86EFEC49-A8A7-4BAF-8BCC-C6E78A3A2772}.Release|x64.ActiveCfg = Release|Any CPU
		{86EFEC49-A8A7-4BAF-8BCC-C6E78A3A2772}.Release|x64.Build.0 = Release|Any CPU
		{86EFEC49-A8A7-4BAF-8BCC-C6E78A3A2772}.Release|x86.ActiveCfg = Release|Any CPU
		{86EFEC49-A8A7-4BAF-8BCC-C6E78A3A2772}.Release|x86.Build.0 = Release|Any CPU
		{40695646-B1A7-4FC8-97D0-EEC3186783E1}.Debug|Any CPU.ActiveCfg = Debug|Any CPU
		{40695646-B1A7-4FC8-97D0-EEC3186783E1}.Debug|Any CPU.Build.0 = Debug|Any CPU
		{40695646-B1A7-4FC8-97D0-EEC3186783E1}.Debug|x64.ActiveCfg = Debug|Any CPU
		{40695646-B1A7-4FC8-97D0-EEC3186783E1}.Debug|x64.Build.0 = Debug|Any CPU
		{40695646-B1A7-4FC8-97D0-EEC3186783E1}.Debug|x86.ActiveCfg = Debug|Any CPU
		{40695646-B1A7-4FC8-97D0-EEC3186783E1}.Debug|x86.Build.0 = Debug|Any CPU
		{40695646-B1A7-4FC8-97D0-EEC3186783E1}.Release|Any CPU.ActiveCfg = Release|Any CPU
		{40695646-B1A7-4FC8-97D0-EEC3186783E1}.Release|Any CPU.Build.0 = Release|Any CPU
		{40695646-B1A7-4FC8-97D0-EEC3186783E1}.Release|x64.ActiveCfg = Release|Any CPU
		{40695646-B1A7-4FC8-97D0-EEC3186783E1}.Release|x64.Build.0 = Release|Any CPU
		{40695646-B1A7-4FC8-97D0-EEC3186783E1}.Release|x86.ActiveCfg = Release|Any CPU
		{40695646-B1A7-4FC8-97D0-EEC3186783E1}.Release|x86.Build.0 = Release|Any CPU
		{EFE2EC1A-9ED3-4308-9A52-29F53105B8A1}.Debug|Any CPU.ActiveCfg = Debug|Any CPU
		{EFE2EC1A-9ED3-4308-9A52-29F53105B8A1}.Debug|Any CPU.Build.0 = Debug|Any CPU
		{EFE2EC1A-9ED3-4308-9A52-29F53105B8A1}.Debug|x64.ActiveCfg = Debug|Any CPU
		{EFE2EC1A-9ED3-4308-9A52-29F53105B8A1}.Debug|x64.Build.0 = Debug|Any CPU
		{EFE2EC1A-9ED3-4308-9A52-29F53105B8A1}.Debug|x86.ActiveCfg = Debug|Any CPU
		{EFE2EC1A-9ED3-4308-9A52-29F53105B8A1}.Debug|x86.Build.0 = Debug|Any CPU
		{EFE2EC1A-9ED3-4308-9A52-29F53105B8A1}.Release|Any CPU.ActiveCfg = Release|Any CPU
		{EFE2EC1A-9ED3-4308-9A52-29F53105B8A1}.Release|Any CPU.Build.0 = Release|Any CPU
		{EFE2EC1A-9ED3-4308-9A52-29F53105B8A1}.Release|x64.ActiveCfg = Release|Any CPU
		{EFE2EC1A-9ED3-4308-9A52-29F53105B8A1}.Release|x64.Build.0 = Release|Any CPU
		{EFE2EC1A-9ED3-4308-9A52-29F53105B8A1}.Release|x86.ActiveCfg = Release|Any CPU
		{EFE2EC1A-9ED3-4308-9A52-29F53105B8A1}.Release|x86.Build.0 = Release|Any CPU
		{0FCA1AFE-A0CE-4540-8DEC-13619851E5C0}.Debug|Any CPU.ActiveCfg = Debug|Any CPU
		{0FCA1AFE-A0CE-4540-8DEC-13619851E5C0}.Debug|Any CPU.Build.0 = Debug|Any CPU
		{0FCA1AFE-A0CE-4540-8DEC-13619851E5C0}.Debug|x64.ActiveCfg = Debug|Any CPU
		{0FCA1AFE-A0CE-4540-8DEC-13619851E5C0}.Debug|x64.Build.0 = Debug|Any CPU
		{0FCA1AFE-A0CE-4540-8DEC-13619851E5C0}.Debug|x86.ActiveCfg = Debug|Any CPU
		{0FCA1AFE-A0CE-4540-8DEC-13619851E5C0}.Debug|x86.Build.0 = Debug|Any CPU
		{0FCA1AFE-A0CE-4540-8DEC-13619851E5C0}.Release|Any CPU.ActiveCfg = Release|Any CPU
		{0FCA1AFE-A0CE-4540-8DEC-13619851E5C0}.Release|Any CPU.Build.0 = Release|Any CPU
		{0FCA1AFE-A0CE-4540-8DEC-13619851E5C0}.Release|x64.ActiveCfg = Release|Any CPU
		{0FCA1AFE-A0CE-4540-8DEC-13619851E5C0}.Release|x64.Build.0 = Release|Any CPU
		{0FCA1AFE-A0CE-4540-8DEC-13619851E5C0}.Release|x86.ActiveCfg = Release|Any CPU
		{0FCA1AFE-A0CE-4540-8DEC-13619851E5C0}.Release|x86.Build.0 = Release|Any CPU
		{25319DE5-28B9-4AD6-AA78-83DDCB6726E5}.Debug|Any CPU.ActiveCfg = Debug|Any CPU
		{25319DE5-28B9-4AD6-AA78-83DDCB6726E5}.Debug|Any CPU.Build.0 = Debug|Any CPU
		{25319DE5-28B9-4AD6-AA78-83DDCB6726E5}.Debug|x64.ActiveCfg = Debug|Any CPU
		{25319DE5-28B9-4AD6-AA78-83DDCB6726E5}.Debug|x64.Build.0 = Debug|Any CPU
		{25319DE5-28B9-4AD6-AA78-83DDCB6726E5}.Debug|x86.ActiveCfg = Debug|Any CPU
		{25319DE5-28B9-4AD6-AA78-83DDCB6726E5}.Debug|x86.Build.0 = Debug|Any CPU
		{25319DE5-28B9-4AD6-AA78-83DDCB6726E5}.Release|Any CPU.ActiveCfg = Release|Any CPU
		{25319DE5-28B9-4AD6-AA78-83DDCB6726E5}.Release|Any CPU.Build.0 = Release|Any CPU
		{25319DE5-28B9-4AD6-AA78-83DDCB6726E5}.Release|x64.ActiveCfg = Release|Any CPU
		{25319DE5-28B9-4AD6-AA78-83DDCB6726E5}.Release|x64.Build.0 = Release|Any CPU
		{25319DE5-28B9-4AD6-AA78-83DDCB6726E5}.Release|x86.ActiveCfg = Release|Any CPU
		{25319DE5-28B9-4AD6-AA78-83DDCB6726E5}.Release|x86.Build.0 = Release|Any CPU
		{54422125-F37E-48A9-BE57-476395893A05}.Debug|Any CPU.ActiveCfg = Debug|Any CPU
		{54422125-F37E-48A9-BE57-476395893A05}.Debug|Any CPU.Build.0 = Debug|Any CPU
		{54422125-F37E-48A9-BE57-476395893A05}.Debug|x64.ActiveCfg = Debug|Any CPU
		{54422125-F37E-48A9-BE57-476395893A05}.Debug|x64.Build.0 = Debug|Any CPU
		{54422125-F37E-48A9-BE57-476395893A05}.Debug|x86.ActiveCfg = Debug|Any CPU
		{54422125-F37E-48A9-BE57-476395893A05}.Debug|x86.Build.0 = Debug|Any CPU
		{54422125-F37E-48A9-BE57-476395893A05}.Release|Any CPU.ActiveCfg = Release|Any CPU
		{54422125-F37E-48A9-BE57-476395893A05}.Release|Any CPU.Build.0 = Release|Any CPU
		{54422125-F37E-48A9-BE57-476395893A05}.Release|x64.ActiveCfg = Release|Any CPU
		{54422125-F37E-48A9-BE57-476395893A05}.Release|x64.Build.0 = Release|Any CPU
		{54422125-F37E-48A9-BE57-476395893A05}.Release|x86.ActiveCfg = Release|Any CPU
		{54422125-F37E-48A9-BE57-476395893A05}.Release|x86.Build.0 = Release|Any CPU
		{25FD1550-9930-4CE6-8BEA-EA20E25D63B0}.Debug|Any CPU.ActiveCfg = Debug|Any CPU
		{25FD1550-9930-4CE6-8BEA-EA20E25D63B0}.Debug|Any CPU.Build.0 = Debug|Any CPU
		{25FD1550-9930-4CE6-8BEA-EA20E25D63B0}.Debug|x64.ActiveCfg = Debug|Any CPU
		{25FD1550-9930-4CE6-8BEA-EA20E25D63B0}.Debug|x64.Build.0 = Debug|Any CPU
		{25FD1550-9930-4CE6-8BEA-EA20E25D63B0}.Debug|x86.ActiveCfg = Debug|Any CPU
		{25FD1550-9930-4CE6-8BEA-EA20E25D63B0}.Debug|x86.Build.0 = Debug|Any CPU
		{25FD1550-9930-4CE6-8BEA-EA20E25D63B0}.Release|Any CPU.ActiveCfg = Release|Any CPU
		{25FD1550-9930-4CE6-8BEA-EA20E25D63B0}.Release|Any CPU.Build.0 = Release|Any CPU
		{25FD1550-9930-4CE6-8BEA-EA20E25D63B0}.Release|x64.ActiveCfg = Release|Any CPU
		{25FD1550-9930-4CE6-8BEA-EA20E25D63B0}.Release|x64.Build.0 = Release|Any CPU
		{25FD1550-9930-4CE6-8BEA-EA20E25D63B0}.Release|x86.ActiveCfg = Release|Any CPU
		{25FD1550-9930-4CE6-8BEA-EA20E25D63B0}.Release|x86.Build.0 = Release|Any CPU
		{292372A1-4C8D-4472-BC72-2E91F3B71848}.Debug|Any CPU.ActiveCfg = Debug|Any CPU
		{292372A1-4C8D-4472-BC72-2E91F3B71848}.Debug|Any CPU.Build.0 = Debug|Any CPU
		{292372A1-4C8D-4472-BC72-2E91F3B71848}.Debug|x64.ActiveCfg = Debug|Any CPU
		{292372A1-4C8D-4472-BC72-2E91F3B71848}.Debug|x64.Build.0 = Debug|Any CPU
		{292372A1-4C8D-4472-BC72-2E91F3B71848}.Debug|x86.ActiveCfg = Debug|Any CPU
		{292372A1-4C8D-4472-BC72-2E91F3B71848}.Debug|x86.Build.0 = Debug|Any CPU
		{292372A1-4C8D-4472-BC72-2E91F3B71848}.Release|Any CPU.ActiveCfg = Release|Any CPU
		{292372A1-4C8D-4472-BC72-2E91F3B71848}.Release|Any CPU.Build.0 = Release|Any CPU
		{292372A1-4C8D-4472-BC72-2E91F3B71848}.Release|x64.ActiveCfg = Release|Any CPU
		{292372A1-4C8D-4472-BC72-2E91F3B71848}.Release|x64.Build.0 = Release|Any CPU
		{292372A1-4C8D-4472-BC72-2E91F3B71848}.Release|x86.ActiveCfg = Release|Any CPU
		{292372A1-4C8D-4472-BC72-2E91F3B71848}.Release|x86.Build.0 = Release|Any CPU
		{5675A5E8-847F-480B-9F14-C129F59B98DA}.Debug|Any CPU.ActiveCfg = Debug|Any CPU
		{5675A5E8-847F-480B-9F14-C129F59B98DA}.Debug|Any CPU.Build.0 = Debug|Any CPU
		{5675A5E8-847F-480B-9F14-C129F59B98DA}.Debug|x64.ActiveCfg = Debug|Any CPU
		{5675A5E8-847F-480B-9F14-C129F59B98DA}.Debug|x64.Build.0 = Debug|Any CPU
		{5675A5E8-847F-480B-9F14-C129F59B98DA}.Debug|x86.ActiveCfg = Debug|Any CPU
		{5675A5E8-847F-480B-9F14-C129F59B98DA}.Debug|x86.Build.0 = Debug|Any CPU
		{5675A5E8-847F-480B-9F14-C129F59B98DA}.Release|Any CPU.ActiveCfg = Release|Any CPU
		{5675A5E8-847F-480B-9F14-C129F59B98DA}.Release|Any CPU.Build.0 = Release|Any CPU
		{5675A5E8-847F-480B-9F14-C129F59B98DA}.Release|x64.ActiveCfg = Release|Any CPU
		{5675A5E8-847F-480B-9F14-C129F59B98DA}.Release|x64.Build.0 = Release|Any CPU
		{5675A5E8-847F-480B-9F14-C129F59B98DA}.Release|x86.ActiveCfg = Release|Any CPU
		{5675A5E8-847F-480B-9F14-C129F59B98DA}.Release|x86.Build.0 = Release|Any CPU
		{B8C7E784-2486-4BB1-A4D3-6B9C8DACA18B}.Debug|Any CPU.ActiveCfg = Debug|Any CPU
		{B8C7E784-2486-4BB1-A4D3-6B9C8DACA18B}.Debug|Any CPU.Build.0 = Debug|Any CPU
		{B8C7E784-2486-4BB1-A4D3-6B9C8DACA18B}.Debug|x64.ActiveCfg = Debug|Any CPU
		{B8C7E784-2486-4BB1-A4D3-6B9C8DACA18B}.Debug|x64.Build.0 = Debug|Any CPU
		{B8C7E784-2486-4BB1-A4D3-6B9C8DACA18B}.Debug|x86.ActiveCfg = Debug|Any CPU
		{B8C7E784-2486-4BB1-A4D3-6B9C8DACA18B}.Debug|x86.Build.0 = Debug|Any CPU
		{B8C7E784-2486-4BB1-A4D3-6B9C8DACA18B}.Release|Any CPU.ActiveCfg = Release|Any CPU
		{B8C7E784-2486-4BB1-A4D3-6B9C8DACA18B}.Release|Any CPU.Build.0 = Release|Any CPU
		{B8C7E784-2486-4BB1-A4D3-6B9C8DACA18B}.Release|x64.ActiveCfg = Release|Any CPU
		{B8C7E784-2486-4BB1-A4D3-6B9C8DACA18B}.Release|x64.Build.0 = Release|Any CPU
		{B8C7E784-2486-4BB1-A4D3-6B9C8DACA18B}.Release|x86.ActiveCfg = Release|Any CPU
		{B8C7E784-2486-4BB1-A4D3-6B9C8DACA18B}.Release|x86.Build.0 = Release|Any CPU
		{259B5300-2910-4B28-972A-4B125C7BF378}.Debug|Any CPU.ActiveCfg = Debug|Any CPU
		{259B5300-2910-4B28-972A-4B125C7BF378}.Debug|Any CPU.Build.0 = Debug|Any CPU
		{259B5300-2910-4B28-972A-4B125C7BF378}.Debug|x64.ActiveCfg = Debug|Any CPU
		{259B5300-2910-4B28-972A-4B125C7BF378}.Debug|x64.Build.0 = Debug|Any CPU
		{259B5300-2910-4B28-972A-4B125C7BF378}.Debug|x86.ActiveCfg = Debug|Any CPU
		{259B5300-2910-4B28-972A-4B125C7BF378}.Debug|x86.Build.0 = Debug|Any CPU
		{259B5300-2910-4B28-972A-4B125C7BF378}.Release|Any CPU.ActiveCfg = Release|Any CPU
		{259B5300-2910-4B28-972A-4B125C7BF378}.Release|Any CPU.Build.0 = Release|Any CPU
		{259B5300-2910-4B28-972A-4B125C7BF378}.Release|x64.ActiveCfg = Release|Any CPU
		{259B5300-2910-4B28-972A-4B125C7BF378}.Release|x64.Build.0 = Release|Any CPU
		{259B5300-2910-4B28-972A-4B125C7BF378}.Release|x86.ActiveCfg = Release|Any CPU
		{259B5300-2910-4B28-972A-4B125C7BF378}.Release|x86.Build.0 = Release|Any CPU
		{6A933A6E-2ED6-487A-9938-685A5E20B094}.Debug|Any CPU.ActiveCfg = Debug|Any CPU
		{6A933A6E-2ED6-487A-9938-685A5E20B094}.Debug|Any CPU.Build.0 = Debug|Any CPU
		{6A933A6E-2ED6-487A-9938-685A5E20B094}.Debug|x64.ActiveCfg = Debug|Any CPU
		{6A933A6E-2ED6-487A-9938-685A5E20B094}.Debug|x64.Build.0 = Debug|Any CPU
		{6A933A6E-2ED6-487A-9938-685A5E20B094}.Debug|x86.ActiveCfg = Debug|Any CPU
		{6A933A6E-2ED6-487A-9938-685A5E20B094}.Debug|x86.Build.0 = Debug|Any CPU
		{6A933A6E-2ED6-487A-9938-685A5E20B094}.Release|Any CPU.ActiveCfg = Release|Any CPU
		{6A933A6E-2ED6-487A-9938-685A5E20B094}.Release|Any CPU.Build.0 = Release|Any CPU
		{6A933A6E-2ED6-487A-9938-685A5E20B094}.Release|x64.ActiveCfg = Release|Any CPU
		{6A933A6E-2ED6-487A-9938-685A5E20B094}.Release|x64.Build.0 = Release|Any CPU
		{6A933A6E-2ED6-487A-9938-685A5E20B094}.Release|x86.ActiveCfg = Release|Any CPU
		{6A933A6E-2ED6-487A-9938-685A5E20B094}.Release|x86.Build.0 = Release|Any CPU
	EndGlobalSection
	GlobalSection(SolutionProperties) = preSolution
		HideSolutionNode = FALSE
	EndGlobalSection
	GlobalSection(NestedProjects) = preSolution
		{46FD9397-DD3B-456A-9D95-504D60F6A9B5} = {DBE28595-6FAF-4533-9EA7-6738EF62FAE8}
		{B93BB821-0BB3-466C-9D53-7FECF8722F1D} = {DBE28595-6FAF-4533-9EA7-6738EF62FAE8}
		{A19900A2-8C8B-416A-8642-7F20CB9CA145} = {DBE28595-6FAF-4533-9EA7-6738EF62FAE8}
		{9A851E69-B851-432F-B2E8-2C3A03E54D29} = {DBE28595-6FAF-4533-9EA7-6738EF62FAE8}
		{E1CEEE2E-DF20-4929-80BD-D73E896C5245} = {DBE28595-6FAF-4533-9EA7-6738EF62FAE8}
		{2EAB373E-2054-4AB5-A2F9-34139FB08AE4} = {DBE28595-6FAF-4533-9EA7-6738EF62FAE8}
		{87038750-A2E1-4F9D-8EA3-19BC6E2B371B} = {DBE28595-6FAF-4533-9EA7-6738EF62FAE8}
		{701B4F5C-600A-4EB2-82AE-BA11EA8160A7} = {AA50B9BA-D8B6-47C4-9321-77432249A8E0}
		{65A7B0DA-F2BB-49B3-AB0B-B4BA30885EFA} = {AA50B9BA-D8B6-47C4-9321-77432249A8E0}
		{86EFEC49-A8A7-4BAF-8BCC-C6E78A3A2772} = {AA50B9BA-D8B6-47C4-9321-77432249A8E0}
		{40695646-B1A7-4FC8-97D0-EEC3186783E1} = {AA50B9BA-D8B6-47C4-9321-77432249A8E0}
		{EFE2EC1A-9ED3-4308-9A52-29F53105B8A1} = {6F934F38-6525-49F1-990C-BF0A5AD199DF}
		{0FCA1AFE-A0CE-4540-8DEC-13619851E5C0} = {6F934F38-6525-49F1-990C-BF0A5AD199DF}
		{25319DE5-28B9-4AD6-AA78-83DDCB6726E5} = {800924D2-1906-4524-B772-FD60709EDCE7}
		{54422125-F37E-48A9-BE57-476395893A05} = {6F934F38-6525-49F1-990C-BF0A5AD199DF}
		{25FD1550-9930-4CE6-8BEA-EA20E25D63B0} = {6F934F38-6525-49F1-990C-BF0A5AD199DF}
		{292372A1-4C8D-4472-BC72-2E91F3B71848} = {AA50B9BA-D8B6-47C4-9321-77432249A8E0}
		{5675A5E8-847F-480B-9F14-C129F59B98DA} = {800924D2-1906-4524-B772-FD60709EDCE7}
		{B8C7E784-2486-4BB1-A4D3-6B9C8DACA18B} = {AA50B9BA-D8B6-47C4-9321-77432249A8E0}
		{259B5300-2910-4B28-972A-4B125C7BF378} = {AA50B9BA-D8B6-47C4-9321-77432249A8E0}
		{6A933A6E-2ED6-487A-9938-685A5E20B094} = {AA50B9BA-D8B6-47C4-9321-77432249A8E0}
	EndGlobalSection
	GlobalSection(ExtensibilityGlobals) = postSolution
		SolutionGuid = {27528D5D-0BA2-4E60-8FEC-B9203687D6C0}
	EndGlobalSection
EndGlobal
